github.com/MasterDimmy/errorcatcher v0.0.26 h1:M7RcqUtXd4OCH+hDAdK2N+IZg4jgAJuT6Bptr3i+Gb0=
github.com/MasterDimmy/errorcatcher v0.0.26/go.mod h1:FukOdzRhzYAK+43bw8SeujbsDmrMLUCtNDGBZzT1pbc=
github.com/MasterDimmy/fastime v0.0.1 h1:ZcKNaJjzE4399JYRzUImc2GRNkgIInwLihAIfRMbe/s=
github.com/MasterDimmy/fastime v0.0.1/go.mod h1:2OuPwwfDiu1NbzxfOU8aOplRGh3DcKNXF2jqhz068ug=
github.com/MasterDimmy/go-ctrlc v0.0.7 h1:ztFFg/lS8rZ2zjuJluvAf0twF1m1TVMCzZ/eF4EDfWk=
github.com/MasterDimmy/go-ctrlc v0.0.7/go.mod h1:buCpuUbB63tIuhT7pLt8LKCdznarQY18lMXJzxogppk=
github.com/MasterDimmy/golang-lruexpire v0.2.2 h1:OVXujE6DmQKWFoSX8E5dcQ/QbMxz/Evd7JK4MQFs/Vg=
github.com/MasterDimmy/golang-lruexpire v0.2.2/go.mod h1:ppQ+uHVKNJ2BiS8ayeCQ1Td+lI2rJl4pSyDno3j2bDA=
github.com/MasterDimmy/jsonc v0.0.0-20201229145248-615b0916ca38 h1:/hDmTbaJp5PJ4o/oOXELjFR2yKbmBMPdfsT3QAjmRdg=
github.com/MasterDimmy/jsonc v0.0.0-20201229145248-615b0916ca38/go.mod h1:rgTYn9P274K7WpsvFEGUZNbZQgcpb/t89M/U/UdEAnM=
github.com/MasterDimmy/zilorot v0.0.4 h1:IXceFcdnK3hvO7nXqnbs/E6RWGR317ynDDaRY/+pgJI=
github.com/MasterDimmy/zilorot v0.0.4/go.mod h1:kNZPKzjeBmIeJArHc0clNCl50gm7rZw6GiEi0lz5UVo=
github.com/MasterDimmy/zipologger v0.2.5 h1:lbsitiIqRrlE346g7DCri3ogzwy0nJTrp9VIPMopExo=
github.com/MasterDimmy/zipologger v0.2.5/go.mod h1:58TF+pPyv4lNS7UU4ERRFC/0Slas5ZLHTsS+Bv4Ouv4=
github.com/andybalholm/brotli v1.0.5 h1:8uQZIdzKmjc/iuPu7O2ioW48L81FgatrcpfFmiq/cCs=
github.com/andybalholm/brotli v1.0.5/go.mod h1:fO7iG3H7G2nSZ7m0zPUDn85XEX2GTukHGRSepvi9Eig=
github.com/fasthttp/router v1.4.20 h1:yPeNxz5WxZGojzolKqiP15DTXnxZce9Drv577GBrDgU=
github.com/fasthttp/router v1.4.20/go.mod h1:um867yNQKtERxBm+C+yzgWxjspTiQoA8z86Ec3fK/tc=
github.com/klauspost/compress v1.16.3 h1:XuJt9zzcnaz6a16/OU53ZjWp/v7/42WcR5t2a0PcNQY=
github.com/klauspost/compress v1.16.3/go.mod h1:ntbaceVETuRiXiv4DpjP66DpAtAGkEQskQzEyD//IeE=
github.com/savsgio/gotils v0.0.0-20230208104028-c358bd845dee h1:8Iv5m6xEo1NR1AvpV+7XmhI4r39LGNzwUL4YpMuL5vk=
github.com/savsgio/gotils v0.0.0-20230208104028-c358bd845dee/go.mod h1:qwtSXrKuJh/zsFQ12yEE89xfCrGKK63Rr7ctU/uCo4g=
github.com/valyala/bytebufferpool v1.0.0 h1:GqA5TC/0021Y/b9FG4Oi9Mr3q7XYx6KllzawFIhcdPw=
github.com/valyala/bytebufferpool v1.0.0/go.mod h1:6bBcMArwyJ5K/AmCkWv1jt77kVWyCJ6HpOuEn7z0Csc=
github.com/valyala/fasthttp v1.49.0 h1:9FdvCpmxB74LH4dPb7IJ1cOSsluR07XG3I1txXWwJpE=
github.com/valyala/fasthttp v1.49.0/go.mod h1:k2zXd82h/7UZc3VOdJ2WaUqt1uZ/XpXAfE9i+HBC3lA=
